
Microsoft Visual Studio Solution File, Format Version 12.00
# Visual Studio Version 16
VisualStudioVersion = 16.0.28729.10
MinimumVisualStudioVersion = 10.0.40219.1
Project("{FAE04EC0-301F-11D3-BF4B-00C04F79EFBC}") = "Matassi.Web", "Matassi.Web\Matassi.Web.csproj", "{3330494A-8A69-4874-A732-E4FEE370498D}"
EndProject
Project("{FAE04EC0-301F-11D3-BF4B-00C04F79EFBC}") = "Matassi.Servicios", "Matassi.Servicios\Matassi.Servicios.csproj", "{CEABF4D7-4573-42E9-AB49-B9D9A5F62ED5}"
EndProject
Project("{FAE04EC0-301F-11D3-BF4B-00C04F79EFBC}") = "Matassi.Dominio", "Matassi.Dominio\Matassi.Dominio.csproj", "{438D2AB3-444D-4037-BE14-F99560350BC9}"
EndProject
Global
	GlobalSection(SolutionConfigurationPlatforms) = preSolution
		Debug|Any CPU = Debug|Any CPU
		Release|Any CPU = Release|Any CPU
	EndGlobalSection
	GlobalSection(ProjectConfigurationPlatforms) = postSolution
		{3330494A-8A69-4874-A732-E4FEE370498D}.Debug|Any CPU.ActiveCfg = Debug|Any CPU
		{3330494A-8A69-4874-A732-E4FEE370498D}.Debug|Any CPU.Build.0 = Debug|Any CPU
		{3330494A-8A69-4874-A732-E4FEE370498D}.Release|Any CPU.ActiveCfg = Release|Any CPU
		{3330494A-8A69-4874-A732-E4FEE370498D}.Release|Any CPU.Build.0 = Release|Any CPU
		{CEABF4D7-4573-42E9-AB49-B9D9A5F62ED5}.Debug|Any CPU.ActiveCfg = Debug|Any CPU
		{CEABF4D7-4573-42E9-AB49-B9D9A5F62ED5}.Debug|Any CPU.Build.0 = Debug|Any CPU
		{CEABF4D7-4573-42E9-AB49-B9D9A5F62ED5}.Release|Any CPU.ActiveCfg = Release|Any CPU
		{CEABF4D7-4573-42E9-AB49-B9D9A5F62ED5}.Release|Any CPU.Build.0 = Release|Any CPU
		{438D2AB3-444D-4037-BE14-F99560350BC9}.Debug|Any CPU.ActiveCfg = Debug|Any CPU
		{438D2AB3-444D-4037-BE14-F99560350BC9}.Debug|Any CPU.Build.0 = Debug|Any CPU
		{438D2AB3-444D-4037-BE14-F99560350BC9}.Release|Any CPU.ActiveCfg = Release|Any CPU
		{438D2AB3-444D-4037-BE14-F99560350BC9}.Release|Any CPU.Build.0 = Release|Any CPU
	EndGlobalSection
	GlobalSection(SolutionProperties) = preSolution
		HideSolutionNode = FALSE
	EndGlobalSection
	GlobalSection(ExtensibilityGlobals) = postSolution
		SolutionGuid = {FC8D4805-7E81-49AB-B147-66E3028711F6}
	EndGlobalSection
EndGlobal
